// !$*UTF8*$!
{
	archiveVersion = 1;
	classes = {
	};
	objectVersion = 50;
	objects = {

/* Begin PBXBuildFile section */
		429BDCAF25FB186500EF1A91 /* AppDelegate.swift in Sources */ = {isa = PBXBuildFile; fileRef = 429BDCAE25FB186500EF1A91 /* AppDelegate.swift */; };
		429BDCB125FB186500EF1A91 /* ViewController.swift in Sources */ = {isa = PBXBuildFile; fileRef = 429BDCB025FB186500EF1A91 /* ViewController.swift */; };
		429BDCB425FB186500EF1A91 /* Main.storyboard in Resources */ = {isa = PBXBuildFile; fileRef = 429BDCB225FB186500EF1A91 /* Main.storyboard */; };
		429BDCB725FB186500EF1A91 /* P4_Diary.xcdatamodeld in Sources */ = {isa = PBXBuildFile; fileRef = 429BDCB525FB186500EF1A91 /* P4_Diary.xcdatamodeld */; };
		429BDCB925FB186700EF1A91 /* Assets.xcassets in Resources */ = {isa = PBXBuildFile; fileRef = 429BDCB825FB186700EF1A91 /* Assets.xcassets */; };
		429BDCBC25FB186700EF1A91 /* LaunchScreen.storyboard in Resources */ = {isa = PBXBuildFile; fileRef = 429BDCBA25FB186700EF1A91 /* LaunchScreen.storyboard */; };
		429BDCC725FB186700EF1A91 /* P4_DiaryTests.swift in Sources */ = {isa = PBXBuildFile; fileRef = 429BDCC625FB186700EF1A91 /* P4_DiaryTests.swift */; };
		429BDCD225FB186700EF1A91 /* P4_DiaryUITests.swift in Sources */ = {isa = PBXBuildFile; fileRef = 429BDCD125FB186700EF1A91 /* P4_DiaryUITests.swift */; };
/* End PBXBuildFile section */

/* Begin PBXContainerItemProxy section */
		429BDCC325FB186700EF1A91 /* PBXContainerItemProxy */ = {
			isa = PBXContainerItemProxy;
			containerPortal = 429BDCA325FB186500EF1A91 /* Project object */;
			proxyType = 1;
			remoteGlobalIDString = 429BDCAA25FB186500EF1A91;
			remoteInfo = "P4-Diary";
		};
		429BDCCE25FB186700EF1A91 /* PBXContainerItemProxy */ = {
			isa = PBXContainerItemProxy;
			containerPortal = 429BDCA325FB186500EF1A91 /* Project object */;
			proxyType = 1;
			remoteGlobalIDString = 429BDCAA25FB186500EF1A91;
			remoteInfo = "P4-Diary";
		};
/* End PBXContainerItemProxy section */

/* Begin PBXFileReference section */
		429BDCAB25FB186500EF1A91 /* P4-Diary.app */ = {isa = PBXFileReference; explicitFileType = wrapper.application; includeInIndex = 0; path = "P4-Diary.app"; sourceTree = BUILT_PRODUCTS_DIR; };
		429BDCAE25FB186500EF1A91 /* AppDelegate.swift */ = {isa = PBXFileReference; lastKnownFileType = sourcecode.swift; path = AppDelegate.swift; sourceTree = "<group>"; };
		429BDCB025FB186500EF1A91 /* ViewController.swift */ = {isa = PBXFileReference; lastKnownFileType = sourcecode.swift; path = ViewController.swift; sourceTree = "<group>"; };
		429BDCB325FB186500EF1A91 /* Base */ = {isa = PBXFileReference; lastKnownFileType = file.storyboard; name = Base; path = Base.lproj/Main.storyboard; sourceTree = "<group>"; };
		429BDCB625FB186500EF1A91 /* P4_Diary.xcdatamodel */ = {isa = PBXFileReference; lastKnownFileType = wrapper.xcdatamodel; path = P4_Diary.xcdatamodel; sourceTree = "<group>"; };
		429BDCB825FB186700EF1A91 /* Assets.xcassets */ = {isa = PBXFileReference; lastKnownFileType = folder.assetcatalog; path = Assets.xcassets; sourceTree = "<group>"; };
		429BDCBB25FB186700EF1A91 /* Base */ = {isa = PBXFileReference; lastKnownFileType = file.storyboard; name = Base; path = Base.lproj/LaunchScreen.storyboard; sourceTree = "<group>"; };
		429BDCBD25FB186700EF1A91 /* Info.plist */ = {isa = PBXFileReference; lastKnownFileType = text.plist.xml; path = Info.plist; sourceTree = "<group>"; };
		429BDCC225FB186700EF1A91 /* P4-DiaryTests.xctest */ = {isa = PBXFileReference; explicitFileType = wrapper.cfbundle; includeInIndex = 0; path = "P4-DiaryTests.xctest"; sourceTree = BUILT_PRODUCTS_DIR; };
		429BDCC625FB186700EF1A91 /* P4_DiaryTests.swift */ = {isa = PBXFileReference; lastKnownFileType = sourcecode.swift; path = P4_DiaryTests.swift; sourceTree = "<group>"; };
		429BDCC825FB186700EF1A91 /* Info.plist */ = {isa = PBXFileReference; lastKnownFileType = text.plist.xml; path = Info.plist; sourceTree = "<group>"; };
		429BDCCD25FB186700EF1A91 /* P4-DiaryUITests.xctest */ = {isa = PBXFileReference; explicitFileType = wrapper.cfbundle; includeInIndex = 0; path = "P4-DiaryUITests.xctest"; sourceTree = BUILT_PRODUCTS_DIR; };
		429BDCD125FB186700EF1A91 /* P4_DiaryUITests.swift */ = {isa = PBXFileReference; lastKnownFileType = sourcecode.swift; path = P4_DiaryUITests.swift; sourceTree = "<group>"; };
		429BDCD325FB186700EF1A91 /* Info.plist */ = {isa = PBXFileReference; lastKnownFileType = text.plist.xml; path = Info.plist; sourceTree = "<group>"; };
/* End PBXFileReference section */

/* Begin PBXFrameworksBuildPhase section */
		429BDCA825FB186500EF1A91 /* Frameworks */ = {
			isa = PBXFrameworksBuildPhase;
			buildActionMask = 2147483647;
			files = (
			);
			runOnlyForDeploymentPostprocessing = 0;
		};
		429BDCBF25FB186700EF1A91 /* Frameworks */ = {
			isa = PBXFrameworksBuildPhase;
			buildActionMask = 2147483647;
			files = (
			);
			runOnlyForDeploymentPostprocessing = 0;
		};
		429BDCCA25FB186700EF1A91 /* Frameworks */ = {
			isa = PBXFrameworksBuildPhase;
			buildActionMask = 2147483647;
			files = (
			);
			runOnlyForDeploymentPostprocessing = 0;
		};
/* End PBXFrameworksBuildPhase section */

/* Begin PBXGroup section */
		429BDCA225FB186500EF1A91 = {
			isa = PBXGroup;
			children = (
				429BDCAD25FB186500EF1A91 /* P4-Diary */,
				429BDCC525FB186700EF1A91 /* P4-DiaryTests */,
				429BDCD025FB186700EF1A91 /* P4-DiaryUITests */,
				429BDCAC25FB186500EF1A91 /* Products */,
			);
			sourceTree = "<group>";
		};
		429BDCAC25FB186500EF1A91 /* Products */ = {
			isa = PBXGroup;
			children = (
				429BDCAB25FB186500EF1A91 /* P4-Diary.app */,
				429BDCC225FB186700EF1A91 /* P4-DiaryTests.xctest */,
				429BDCCD25FB186700EF1A91 /* P4-DiaryUITests.xctest */,
			);
			name = Products;
			sourceTree = "<group>";
		};
		429BDCAD25FB186500EF1A91 /* P4-Diary */ = {
			isa = PBXGroup;
			children = (
				429BDCAE25FB186500EF1A91 /* AppDelegate.swift */,
				429BDCB025FB186500EF1A91 /* ViewController.swift */,
				429BDCB225FB186500EF1A91 /* Main.storyboard */,
				429BDCB825FB186700EF1A91 /* Assets.xcassets */,
				429BDCBA25FB186700EF1A91 /* LaunchScreen.storyboard */,
				429BDCBD25FB186700EF1A91 /* Info.plist */,
				429BDCB525FB186500EF1A91 /* P4_Diary.xcdatamodeld */,
			);
			path = "P4-Diary";
			sourceTree = "<group>";
		};
		429BDCC525FB186700EF1A91 /* P4-DiaryTests */ = {
			isa = PBXGroup;
			children = (
				429BDCC625FB186700EF1A91 /* P4_DiaryTests.swift */,
				429BDCC825FB186700EF1A91 /* Info.plist */,
			);
			path = "P4-DiaryTests";
			sourceTree = "<group>";
		};
		429BDCD025FB186700EF1A91 /* P4-DiaryUITests */ = {
			isa = PBXGroup;
			children = (
				429BDCD125FB186700EF1A91 /* P4_DiaryUITests.swift */,
				429BDCD325FB186700EF1A91 /* Info.plist */,
			);
			path = "P4-DiaryUITests";
			sourceTree = "<group>";
		};
/* End PBXGroup section */

/* Begin PBXNativeTarget section */
		429BDCAA25FB186500EF1A91 /* P4-Diary */ = {
			isa = PBXNativeTarget;
			buildConfigurationList = 429BDCD625FB186700EF1A91 /* Build configuration list for PBXNativeTarget "P4-Diary" */;
			buildPhases = (
				429BDCA725FB186500EF1A91 /* Sources */,
				429BDCA825FB186500EF1A91 /* Frameworks */,
				429BDCA925FB186500EF1A91 /* Resources */,
			);
			buildRules = (
			);
			dependencies = (
			);
			name = "P4-Diary";
			productName = "P4-Diary";
			productReference = 429BDCAB25FB186500EF1A91 /* P4-Diary.app */;
			productType = "com.apple.product-type.application";
		};
		429BDCC125FB186700EF1A91 /* P4-DiaryTests */ = {
			isa = PBXNativeTarget;
			buildConfigurationList = 429BDCD925FB186700EF1A91 /* Build configuration list for PBXNativeTarget "P4-DiaryTests" */;
			buildPhases = (
				429BDCBE25FB186700EF1A91 /* Sources */,
				429BDCBF25FB186700EF1A91 /* Frameworks */,
				429BDCC025FB186700EF1A91 /* Resources */,
			);
			buildRules = (
			);
			dependencies = (
				429BDCC425FB186700EF1A91 /* PBXTargetDependency */,
			);
			name = "P4-DiaryTests";
			productName = "P4-DiaryTests";
			productReference = 429BDCC225FB186700EF1A91 /* P4-DiaryTests.xctest */;
			productType = "com.apple.product-type.bundle.unit-test";
		};
		429BDCCC25FB186700EF1A91 /* P4-DiaryUITests */ = {
			isa = PBXNativeTarget;
			buildConfigurationList = 429BDCDC25FB186700EF1A91 /* Build configuration list for PBXNativeTarget "P4-DiaryUITests" */;
			buildPhases = (
				429BDCC925FB186700EF1A91 /* Sources */,
				429BDCCA25FB186700EF1A91 /* Frameworks */,
				429BDCCB25FB186700EF1A91 /* Resources */,
			);
			buildRules = (
			);
			dependencies = (
				429BDCCF25FB186700EF1A91 /* PBXTargetDependency */,
			);
			name = "P4-DiaryUITests";
			productName = "P4-DiaryUITests";
			productReference = 429BDCCD25FB186700EF1A91 /* P4-DiaryUITests.xctest */;
			productType = "com.apple.product-type.bundle.ui-testing";
		};
/* End PBXNativeTarget section */

/* Begin PBXProject section */
		429BDCA325FB186500EF1A91 /* Project object */ = {
			isa = PBXProject;
			attributes = {
				LastSwiftUpdateCheck = 1010;
				LastUpgradeCheck = 1010;
				ORGANIZATIONNAME = "Youngsang Kim";
				TargetAttributes = {
					429BDCAA25FB186500EF1A91 = {
						CreatedOnToolsVersion = 10.1;
					};
					429BDCC125FB186700EF1A91 = {
						CreatedOnToolsVersion = 10.1;
						TestTargetID = 429BDCAA25FB186500EF1A91;
					};
					429BDCCC25FB186700EF1A91 = {
						CreatedOnToolsVersion = 10.1;
						TestTargetID = 429BDCAA25FB186500EF1A91;
					};
				};
			};
			buildConfigurationList = 429BDCA625FB186500EF1A91 /* Build configuration list for PBXProject "P4-Diary" */;
			compatibilityVersion = "Xcode 9.3";
			developmentRegion = en;
			hasScannedForEncodings = 0;
			knownRegions = (
				en,
				Base,
			);
			mainGroup = 429BDCA225FB186500EF1A91;
			productRefGroup = 429BDCAC25FB186500EF1A91 /* Products */;
			projectDirPath = "";
			projectRoot = "";
			targets = (
				429BDCAA25FB186500EF1A91 /* P4-Diary */,
				429BDCC125FB186700EF1A91 /* P4-DiaryTests */,
				429BDCCC25FB186700EF1A91 /* P4-DiaryUITests */,
			);
		};
/* End PBXProject section */

/* Begin PBXResourcesBuildPhase section */
		429BDCA925FB186500EF1A91 /* Resources */ = {
			isa = PBXResourcesBuildPhase;
			buildActionMask = 2147483647;
			files = (
				429BDCBC25FB186700EF1A91 /* LaunchScreen.storyboard in Resources */,
				429BDCB925FB186700EF1A91 /* Assets.xcassets in Resources */,
				429BDCB425FB186500EF1A91 /* Main.storyboard in Resources */,
			);
			runOnlyForDeploymentPostprocessing = 0;
		};
		429BDCC025FB186700EF1A91 /* Resources */ = {
			isa = PBXResourcesBuildPhase;
			buildActionMask = 2147483647;
			files = (
			);
			runOnlyForDeploymentPostprocessing = 0;
		};
		429BDCCB25FB186700EF1A91 /* Resources */ = {
			isa = PBXResourcesBuildPhase;
			buildActionMask = 2147483647;
			files = (
			);
			runOnlyForDeploymentPostprocessing = 0;
		};
/* End PBXResourcesBuildPhase section */

/* Begin PBXSourcesBuildPhase section */
		429BDCA725FB186500EF1A91 /* Sources */ = {
			isa = PBXSourcesBuildPhase;
			buildActionMask = 2147483647;
			files = (
				429BDCB125FB186500EF1A91 /* ViewController.swift in Sources */,
				429BDCAF25FB186500EF1A91 /* AppDelegate.swift in Sources */,
				429BDCB725FB186500EF1A91 /* P4_Diary.xcdatamodeld in Sources */,
			);
			runOnlyForDeploymentPostprocessing = 0;
		};
		429BDCBE25FB186700EF1A91 /* Sources */ = {
			isa = PBXSourcesBuildPhase;
			buildActionMask = 2147483647;
			files = (
				429BDCC725FB186700EF1A91 /* P4_DiaryTests.swift in Sources */,
			);
			runOnlyForDeploymentPostprocessing = 0;
		};
		429BDCC925FB186700EF1A91 /* Sources */ = {
			isa = PBXSourcesBuildPhase;
			buildActionMask = 2147483647;
			files = (
				429BDCD225FB186700EF1A91 /* P4_DiaryUITests.swift in Sources */,
			);
			runOnlyForDeploymentPostprocessing = 0;
		};
/* End PBXSourcesBuildPhase section */

/* Begin PBXTargetDependency section */
		429BDCC425FB186700EF1A91 /* PBXTargetDependency */ = {
			isa = PBXTargetDependency;
			target = 429BDCAA25FB186500EF1A91 /* P4-Diary */;
			targetProxy = 429BDCC325FB186700EF1A91 /* PBXContainerItemProxy */;
		};
		429BDCCF25FB186700EF1A91 /* PBXTargetDependency */ = {
			isa = PBXTargetDependency;
			target = 429BDCAA25FB186500EF1A91 /* P4-Diary */;
			targetProxy = 429BDCCE25FB186700EF1A91 /* PBXContainerItemProxy */;
		};
/* End PBXTargetDependency section */

/* Begin PBXVariantGroup section */
		429BDCB225FB186500EF1A91 /* Main.storyboard */ = {
			isa = PBXVariantGroup;
			children = (
				429BDCB325FB186500EF1A91 /* Base */,
			);
			name = Main.storyboard;
			sourceTree = "<group>";
		};
		429BDCBA25FB186700EF1A91 /* LaunchScreen.storyboard */ = {
			isa = PBXVariantGroup;
			children = (
				429BDCBB25FB186700EF1A91 /* Base */,
			);
			name = LaunchScreen.storyboard;
			sourceTree = "<group>";
		};
/* End PBXVariantGroup section */

/* Begin XCBuildConfiguration section */
		429BDCD425FB186700EF1A91 /* Debug */ = {
			isa = XCBuildConfiguration;
			buildSettings = {
				ALWAYS_SEARCH_USER_PATHS = NO;
				CLANG_ANALYZER_NONNULL = YES;
				CLANG_ANALYZER_NUMBER_OBJECT_CONVERSION = YES_AGGRESSIVE;
				CLANG_CXX_LANGUAGE_STANDARD = "gnu++14";
				CLANG_CXX_LIBRARY = "libc++";
				CLANG_ENABLE_MODULES = YES;
				CLANG_ENABLE_OBJC_ARC = YES;
				CLANG_ENABLE_OBJC_WEAK = YES;
				CLANG_WARN_BLOCK_CAPTURE_AUTORELEASING = YES;
				CLANG_WARN_BOOL_CONVERSION = YES;
				CLANG_WARN_COMMA = YES;
				CLANG_WARN_CONSTANT_CONVERSION = YES;
				CLANG_WARN_DEPRECATED_OBJC_IMPLEMENTATIONS = YES;
				CLANG_WARN_DIRECT_OBJC_ISA_USAGE = YES_ERROR;
				CLANG_WARN_DOCUMENTATION_COMMENTS = YES;
				CLANG_WARN_EMPTY_BODY = YES;
				CLANG_WARN_ENUM_CONVERSION = YES;
				CLANG_WARN_INFINITE_RECURSION = YES;
				CLANG_WARN_INT_CONVERSION = YES;
				CLANG_WARN_NON_LITERAL_NULL_CONVERSION = YES;
				CLANG_WARN_OBJC_IMPLICIT_RETAIN_SELF = YES;
				CLANG_WARN_OBJC_LITERAL_CONVERSION = YES;
				CLANG_WARN_OBJC_ROOT_CLASS = YES_ERROR;
				CLANG_WARN_RANGE_LOOP_ANALYSIS = YES;
				CLANG_WARN_STRICT_PROTOTYPES = YES;
				CLANG_WARN_SUSPICIOUS_MOVE = YES;
				CLANG_WARN_UNGUARDED_AVAILABILITY = YES_AGGRESSIVE;
				CLANG_WARN_UNREACHABLE_CODE = YES;
				CLANG_WARN__DUPLICATE_METHOD_MATCH = YES;
				CODE_SIGN_IDENTITY = "iPhone Developer";
				COPY_PHASE_STRIP = NO;
				DEBUG_INFORMATION_FORMAT = dwarf;
				ENABLE_STRICT_OBJC_MSGSEND = YES;
				ENABLE_TESTABILITY = YES;
				GCC_C_LANGUAGE_STANDARD = gnu11;
				GCC_DYNAMIC_NO_PIC = NO;
				GCC_NO_COMMON_BLOCKS = YES;
				GCC_OPTIMIZATION_LEVEL = 0;
				GCC_PREPROCESSOR_DEFINITIONS = (
					"DEBUG=1",
					"$(inherited)",
				);
				GCC_WARN_64_TO_32_BIT_CONVERSION = YES;
				GCC_WARN_ABOUT_RETURN_TYPE = YES_ERROR;
				GCC_WARN_UNDECLARED_SELECTOR = YES;
				GCC_WARN_UNINITIALIZED_AUTOS = YES_AGGRESSIVE;
				GCC_WARN_UNUSED_FUNCTION = YES;
				GCC_WARN_UNUSED_VARIABLE = YES;
				IPHONEOS_DEPLOYMENT_TARGET = 12.1;
				MTL_ENABLE_DEBUG_INFO = INCLUDE_SOURCE;
				MTL_FAST_MATH = YES;
				ONLY_ACTIVE_ARCH = YES;
				SDKROOT = iphoneos;
				SWIFT_ACTIVE_COMPILATION_CONDITIONS = DEBUG;
				SWIFT_OPTIMIZATION_LEVEL = "-Onone";
			};
			name = Debug;
		};
		429BDCD525FB186700EF1A91 /* Release */ = {
			isa = XCBuildConfiguration;
			buildSettings = {
				ALWAYS_SEARCH_USER_PATHS = NO;
				CLANG_ANALYZER_NONNULL = YES;
				CLANG_ANALYZER_NUMBER_OBJECT_CONVERSION = YES_AGGRESSIVE;
				CLANG_CXX_LANGUAGE_STANDARD = "gnu++14";
				CLANG_CXX_LIBRARY = "libc++";
				CLANG_ENABLE_MODULES = YES;
				CLANG_ENABLE_OBJC_ARC = YES;
				CLANG_ENABLE_OBJC_WEAK = YES;
				CLANG_WARN_BLOCK_CAPTURE_AUTORELEASING = YES;
				CLANG_WARN_BOOL_CONVERSION = YES;
				CLANG_WARN_COMMA = YES;
				CLANG_WARN_CONSTANT_CONVERSION = YES;
				CLANG_WARN_DEPRECATED_OBJC_IMPLEMENTATIONS = YES;
				CLANG_WARN_DIRECT_OBJC_ISA_USAGE = YES_ERROR;
				CLANG_WARN_DOCUMENTATION_COMMENTS = YES;
				CLANG_WARN_EMPTY_BODY = YES;
				CLANG_WARN_ENUM_CONVERSION = YES;
				CLANG_WARN_INFINITE_RECURSION = YES;
				CLANG_WARN_INT_CONVERSION = YES;
				CLANG_WARN_NON_LITERAL_NULL_CONVERSION = YES;
				CLANG_WARN_OBJC_IMPLICIT_RETAIN_SELF = YES;
				CLANG_WARN_OBJC_LITERAL_CONVERSION = YES;
				CLANG_WARN_OBJC_ROOT_CLASS = YES_ERROR;
				CLANG_WARN_RANGE_LOOP_ANALYSIS = YES;
				CLANG_WARN_STRICT_PROTOTYPES = YES;
				CLANG_WARN_SUSPICIOUS_MOVE = YES;
				CLANG_WARN_UNGUARDED_AVAILABILITY = YES_AGGRESSIVE;
				CLANG_WARN_UNREACHABLE_CODE = YES;
				CLANG_WARN__DUPLICATE_METHOD_MATCH = YES;
				CODE_SIGN_IDENTITY = "iPhone Developer";
				COPY_PHASE_STRIP = NO;
				DEBUG_INFORMATION_FORMAT = "dwarf-with-dsym";
				ENABLE_NS_ASSERTIONS = NO;
				ENABLE_STRICT_OBJC_MSGSEND = YES;
				GCC_C_LANGUAGE_STANDARD = gnu11;
				GCC_NO_COMMON_BLOCKS = YES;
				GCC_WARN_64_TO_32_BIT_CONVERSION = YES;
				GCC_WARN_ABOUT_RETURN_TYPE = YES_ERROR;
				GCC_WARN_UNDECLARED_SELECTOR = YES;
				GCC_WARN_UNINITIALIZED_AUTOS = YES_AGGRESSIVE;
				GCC_WARN_UNUSED_FUNCTION = YES;
				GCC_WARN_UNUSED_VARIABLE = YES;
				IPHONEOS_DEPLOYMENT_TARGET = 12.1;
				MTL_ENABLE_DEBUG_INFO = NO;
				MTL_FAST_MATH = YES;
				SDKROOT = iphoneos;
				SWIFT_COMPILATION_MODE = wholemodule;
				SWIFT_OPTIMIZATION_LEVEL = "-O";
				VALIDATE_PRODUCT = YES;
			};
			name = Release;
		};
		429BDCD725FB186700EF1A91 /* Debug */ = {
			isa = XCBuildConfiguration;
			buildSettings = {
				ASSETCATALOG_COMPILER_APPICON_NAME = AppIcon;
				CODE_SIGN_STYLE = Automatic;
				INFOPLIST_FILE = "P4-Diary/Info.plist";
				LD_RUNPATH_SEARCH_PATHS = (
					"$(inherited)",
					"@executable_path/Frameworks",
				);
				PRODUCT_BUNDLE_IDENTIFIER = "RedDev.P4-Diary";
				PRODUCT_NAME = "$(TARGET_NAME)";
				SWIFT_VERSION = 4.2;
				TARGETED_DEVICE_FAMILY = "1,2";
			};
			name = Debug;
		};
		429BDCD825FB186700EF1A91 /* Release */ = {
			isa = XCBuildConfiguration;
			buildSettings = {
				ASSETCATALOG_COMPILER_APPICON_NAME = AppIcon;
				CODE_SIGN_STYLE = Automatic;
				INFOPLIST_FILE = "P4-Diary/Info.plist";
				LD_RUNPATH_SEARCH_PATHS = (
					"$(inherited)",
					"@executable_path/Frameworks",
				);
				PRODUCT_BUNDLE_IDENTIFIER = "RedDev.P4-Diary";
				PRODUCT_NAME = "$(TARGET_NAME)";
				SWIFT_VERSION = 4.2;
				TARGETED_DEVICE_FAMILY = "1,2";
			};
			name = Release;
		};
		429BDCDA25FB186700EF1A91 /* Debug */ = {
			isa = XCBuildConfiguration;
			buildSettings = {
				ALWAYS_EMBED_SWIFT_STANDARD_LIBRARIES = YES;
				BUNDLE_LOADER = "$(TEST_HOST)";
				CODE_SIGN_STYLE = Automatic;
				INFOPLIST_FILE = "P4-DiaryTests/Info.plist";
				LD_RUNPATH_SEARCH_PATHS = (
					"$(inherited)",
					"@executable_path/Frameworks",
					"@loader_path/Frameworks",
				);
				PRODUCT_BUNDLE_IDENTIFIER = "RedDev.P4-DiaryTests";
				PRODUCT_NAME = "$(TARGET_NAME)";
				SWIFT_VERSION = 4.2;
				TARGETED_DEVICE_FAMILY = "1,2";
				TEST_HOST = "$(BUILT_PRODUCTS_DIR)/P4-Diary.app/P4-Diary";
			};
			name = Debug;
		};
		429BDCDB25FB186700EF1A91 /* Release */ = {
			isa = XCBuildConfiguration;
			buildSettings = {
				ALWAYS_EMBED_SWIFT_STANDARD_LIBRARIES = YES;
				BUNDLE_LOADER = "$(TEST_HOST)";
				CODE_SIGN_STYLE = Automatic;
				INFOPLIST_FILE = "P4-DiaryTests/Info.plist";
				LD_RUNPATH_SEARCH_PATHS = (
					"$(inherited)",
					"@executable_path/Frameworks",
					"@loader_path/Frameworks",
				);
				PRODUCT_BUNDLE_IDENTIFIER = "RedDev.P4-DiaryTests";
				PRODUCT_NAME = "$(TARGET_NAME)";
				SWIFT_VERSION = 4.2;
				TARGETED_DEVICE_FAMILY = "1,2";
				TEST_HOST = "$(BUILT_PRODUCTS_DIR)/P4-Diary.app/P4-Diary";
			};
			name = Release;
		};
		429BDCDD25FB186700EF1A91 /* Debug */ = {
			isa = XCBuildConfiguration;
			buildSettings = {
				ALWAYS_EMBED_SWIFT_STANDARD_LIBRARIES = YES;
				CODE_SIGN_STYLE = Automatic;
				INFOPLIST_FILE = "P4-DiaryUITests/Info.plist";
				LD_RUNPATH_SEARCH_PATHS = (
					"$(inherited)",
					"@executable_path/Frameworks",
					"@loader_path/Frameworks",
				);
				PRODUCT_BUNDLE_IDENTIFIER = "RedDev.P4-DiaryUITests";
				PRODUCT_NAME = "$(TARGET_NAME)";
				SWIFT_VERSION = 4.2;
				TARGETED_DEVICE_FAMILY = "1,2";
				TEST_TARGET_NAME = "P4-Diary";
			};
			name = Debug;
		};
		429BDCDE25FB186700EF1A91 /* Release */ = {
			isa = XCBuildConfiguration;
			buildSettings = {
				ALWAYS_EMBED_SWIFT_STANDARD_LIBRARIES = YES;
				CODE_SIGN_STYLE = Automatic;
				INFOPLIST_FILE = "P4-DiaryUITests/Info.plist";
				LD_RUNPATH_SEARCH_PATHS = (
					"$(inherited)",
					"@executable_path/Frameworks",
					"@loader_path/Frameworks",
				);
				PRODUCT_BUNDLE_IDENTIFIER = "RedDev.P4-DiaryUITests";
				PRODUCT_NAME = "$(TARGET_NAME)";
				SWIFT_VERSION = 4.2;
				TARGETED_DEVICE_FAMILY = "1,2";
				TEST_TARGET_NAME = "P4-Diary";
			};
			name = Release;
		};
/* End XCBuildConfiguration section */

/* Begin XCConfigurationList section */
		429BDCA625FB186500EF1A91 /* Build configuration list for PBXProject "P4-Diary" */ = {
			isa = XCConfigurationList;
			buildConfigurations = (
				429BDCD425FB186700EF1A91 /* Debug */,
				429BDCD525FB186700EF1A91 /* Release */,
			);
			defaultConfigurationIsVisible = 0;
			defaultConfigurationName = Release;
		};
		429BDCD625FB186700EF1A91 /* Build configuration list for PBXNativeTarget "P4-Diary" */ = {
			isa = XCConfigurationList;
			buildConfigurations = (
				429BDCD725FB186700EF1A91 /* Debug */,
				429BDCD825FB186700EF1A91 /* Release */,
			);
			defaultConfigurationIsVisible = 0;
			defaultConfigurationName = Release;
		};
		429BDCD925FB186700EF1A91 /* Build configuration list for PBXNativeTarget "P4-DiaryTests" */ = {
			isa = XCConfigurationList;
			buildConfigurations = (
				429BDCDA25FB186700EF1A91 /* Debug */,
				429BDCDB25FB186700EF1A91 /* Release */,
			);
			defaultConfigurationIsVisible = 0;
			defaultConfigurationName = Release;
		};
		429BDCDC25FB186700EF1A91 /* Build configuration list for PBXNativeTarget "P4-DiaryUITests" */ = {
			isa = XCConfigurationList;
			buildConfigurations = (
				429BDCDD25FB186700EF1A91 /* Debug */,
				429BDCDE25FB186700EF1A91 /* Release */,
			);
			defaultConfigurationIsVisible = 0;
			defaultConfigurationName = Release;
		};
/* End XCConfigurationList section */

/* Begin XCVersionGroup section */
		429BDCB525FB186500EF1A91 /* P4_Diary.xcdatamodeld */ = {
			isa = XCVersionGroup;
			children = (
				429BDCB625FB186500EF1A91 /* P4_Diary.xcdatamodel */,
			);
			currentVersion = 429BDCB625FB186500EF1A91 /* P4_Diary.xcdatamodel */;
			path = P4_Diary.xcdatamodeld;
			sourceTree = "<group>";
			versionGroupType = wrapper.xcdatamodel;
		};
/* End XCVersionGroup section */
	};
	rootObject = 429BDCA325FB186500EF1A91 /* Project object */;
}
